
Microsoft Visual Studio Solution File, Format Version 12.00
# Visual Studio 15
VisualStudioVersion = 15.0.28307.1259
MinimumVisualStudioVersion = 10.0.40219.1
Project("{8BC9CEB8-8B4A-11D0-8D11-00A0C91BC942}") = "图的顺序存储结构（邻接矩阵表示法）", "图的顺序存储结构（邻接矩阵表示法）\图的顺序存储结构（邻接矩阵表示法）.vcxproj", "{317C11F6-3C39-4884-8B27-A00AA1A44A5E}"
EndProject
Global
	GlobalSection(SolutionConfigurationPlatforms) = preSolution
		Debug|x64 = Debug|x64
		Debug|x86 = Debug|x86
		Release|x64 = Release|x64
		Release|x86 = Release|x86
	EndGlobalSection
	GlobalSection(ProjectConfigurationPlatforms) = postSolution
		{317C11F6-3C39-4884-8B27-A00AA1A44A5E}.Debug|x64.ActiveCfg = Debug|x64
		{317C11F6-3C39-4884-8B27-A00AA1A44A5E}.Debug|x64.Build.0 = Debug|x64
		{317C11F6-3C39-4884-8B27-A00AA1A44A5E}.Debug|x86.ActiveCfg = Debug|Win32
		{317C11F6-3C39-4884-8B27-A00AA1A44A5E}.Debug|x86.Build.0 = Debug|Win32
		{317C11F6-3C39-4884-8B27-A00AA1A44A5E}.Release|x64.ActiveCfg = Release|x64
		{317C11F6-3C39-4884-8B27-A00AA1A44A5E}.Release|x64.Build.0 = Release|x64
		{317C11F6-3C39-4884-8B27-A00AA1A44A5E}.Release|x86.ActiveCfg = Release|Win32
		{317C11F6-3C39-4884-8B27-A00AA1A44A5E}.Release|x86.Build.0 = Release|Win32
	EndGlobalSection
	GlobalSection(SolutionProperties) = preSolution
		HideSolutionNode = FALSE
	EndGlobalSection
	GlobalSection(ExtensibilityGlobals) = postSolution
		SolutionGuid = {E13E2539-6670-4759-9DD4-F0E21A8FE2BC}
	EndGlobalSection
EndGlobal
