
Microsoft Visual Studio Solution File, Format Version 12.00
# Visual Studio 15
VisualStudioVersion = 15.0.28307.1684
MinimumVisualStudioVersion = 10.0.40219.1
Project("{8BC9CEB8-8B4A-11D0-8D11-00A0C91BC942}") = "最小生成树-Prim_Kruskal", "最小生成树-Prim_Kruskal\最小生成树-Prim_Kruskal.vcxproj", "{9C330327-1345-4FED-B3D1-6EA303DE9B41}"
EndProject
Global
	GlobalSection(SolutionConfigurationPlatforms) = preSolution
		Debug|x64 = Debug|x64
		Release|x64 = Release|x64
	EndGlobalSection
	GlobalSection(ProjectConfigurationPlatforms) = postSolution
		{9C330327-1345-4FED-B3D1-6EA303DE9B41}.Debug|x64.ActiveCfg = Debug|x64
		{9C330327-1345-4FED-B3D1-6EA303DE9B41}.Debug|x64.Build.0 = Debug|x64
		{9C330327-1345-4FED-B3D1-6EA303DE9B41}.Release|x64.ActiveCfg = Release|x64
		{9C330327-1345-4FED-B3D1-6EA303DE9B41}.Release|x64.Build.0 = Release|x64
	EndGlobalSection
	GlobalSection(SolutionProperties) = preSolution
		HideSolutionNode = FALSE
	EndGlobalSection
	GlobalSection(ExtensibilityGlobals) = postSolution
		SolutionGuid = {8E28FB68-51CD-4530-8185-BBECB1310B30}
	EndGlobalSection
EndGlobal
