
Microsoft Visual Studio Solution File, Format Version 12.00
# Visual Studio 15
VisualStudioVersion = 15.0.28307.1684
MinimumVisualStudioVersion = 10.0.40219.1
Project("{8BC9CEB8-8B4A-11D0-8D11-00A0C91BC942}") = "实验2-算术表达式二叉树的构建和求值", "实验2-算术表达式二叉树的构建和求值\实验2-算术表达式二叉树的构建和求值.vcxproj", "{0A950A55-77FD-4FCB-B71A-436462317558}"
EndProject
Global
	GlobalSection(SolutionConfigurationPlatforms) = preSolution
		Debug|x64 = Debug|x64
		Debug|x86 = Debug|x86
		Release|x64 = Release|x64
		Release|x86 = Release|x86
	EndGlobalSection
	GlobalSection(ProjectConfigurationPlatforms) = postSolution
		{0A950A55-77FD-4FCB-B71A-436462317558}.Debug|x64.ActiveCfg = Debug|x64
		{0A950A55-77FD-4FCB-B71A-436462317558}.Debug|x64.Build.0 = Debug|x64
		{0A950A55-77FD-4FCB-B71A-436462317558}.Debug|x86.ActiveCfg = Debug|Win32
		{0A950A55-77FD-4FCB-B71A-436462317558}.Debug|x86.Build.0 = Debug|Win32
		{0A950A55-77FD-4FCB-B71A-436462317558}.Release|x64.ActiveCfg = Release|x64
		{0A950A55-77FD-4FCB-B71A-436462317558}.Release|x64.Build.0 = Release|x64
		{0A950A55-77FD-4FCB-B71A-436462317558}.Release|x86.ActiveCfg = Release|Win32
		{0A950A55-77FD-4FCB-B71A-436462317558}.Release|x86.Build.0 = Release|Win32
	EndGlobalSection
	GlobalSection(SolutionProperties) = preSolution
		HideSolutionNode = FALSE
	EndGlobalSection
	GlobalSection(ExtensibilityGlobals) = postSolution
		SolutionGuid = {731BCE28-865B-4EDD-B1A2-605E3E4AFBAD}
	EndGlobalSection
EndGlobal
