
Microsoft Visual Studio Solution File, Format Version 12.00
# Visual Studio 15
VisualStudioVersion = 15.0.28307.1684
MinimumVisualStudioVersion = 10.0.40219.1
Project("{8BC9CEB8-8B4A-11D0-8D11-00A0C91BC942}") = "选择排序-简单选择排序", "选择排序-简单选择排序\选择排序-简单选择排序.vcxproj", "{44299479-88E7-49BD-916B-69472CCC9378}"
EndProject
Global
	GlobalSection(SolutionConfigurationPlatforms) = preSolution
		Debug|x64 = Debug|x64
		Release|x64 = Release|x64
	EndGlobalSection
	GlobalSection(ProjectConfigurationPlatforms) = postSolution
		{44299479-88E7-49BD-916B-69472CCC9378}.Debug|x64.ActiveCfg = Debug|x64
		{44299479-88E7-49BD-916B-69472CCC9378}.Debug|x64.Build.0 = Debug|x64
		{44299479-88E7-49BD-916B-69472CCC9378}.Release|x64.ActiveCfg = Release|x64
		{44299479-88E7-49BD-916B-69472CCC9378}.Release|x64.Build.0 = Release|x64
	EndGlobalSection
	GlobalSection(SolutionProperties) = preSolution
		HideSolutionNode = FALSE
	EndGlobalSection
	GlobalSection(ExtensibilityGlobals) = postSolution
		SolutionGuid = {51DFFF09-FEAF-4F09-8F95-587FBDC4E310}
	EndGlobalSection
EndGlobal
