
Microsoft Visual Studio Solution File, Format Version 12.00
# Visual Studio 15
VisualStudioVersion = 15.0.28307.1259
MinimumVisualStudioVersion = 10.0.40219.1
Project("{8BC9CEB8-8B4A-11D0-8D11-00A0C91BC942}") = "实操-KMP实现环状DNA的病毒检测", "实操-KMP实现环状DNA的病毒检测\实操-KMP实现环状DNA的病毒检测.vcxproj", "{7374BA85-6CB4-4A0A-83C1-55E60956B470}"
EndProject
Global
	GlobalSection(SolutionConfigurationPlatforms) = preSolution
		Debug|x64 = Debug|x64
		Debug|x86 = Debug|x86
		Release|x64 = Release|x64
		Release|x86 = Release|x86
	EndGlobalSection
	GlobalSection(ProjectConfigurationPlatforms) = postSolution
		{7374BA85-6CB4-4A0A-83C1-55E60956B470}.Debug|x64.ActiveCfg = Debug|x64
		{7374BA85-6CB4-4A0A-83C1-55E60956B470}.Debug|x64.Build.0 = Debug|x64
		{7374BA85-6CB4-4A0A-83C1-55E60956B470}.Debug|x86.ActiveCfg = Debug|Win32
		{7374BA85-6CB4-4A0A-83C1-55E60956B470}.Debug|x86.Build.0 = Debug|Win32
		{7374BA85-6CB4-4A0A-83C1-55E60956B470}.Release|x64.ActiveCfg = Release|x64
		{7374BA85-6CB4-4A0A-83C1-55E60956B470}.Release|x64.Build.0 = Release|x64
		{7374BA85-6CB4-4A0A-83C1-55E60956B470}.Release|x86.ActiveCfg = Release|Win32
		{7374BA85-6CB4-4A0A-83C1-55E60956B470}.Release|x86.Build.0 = Release|Win32
	EndGlobalSection
	GlobalSection(SolutionProperties) = preSolution
		HideSolutionNode = FALSE
	EndGlobalSection
	GlobalSection(ExtensibilityGlobals) = postSolution
		SolutionGuid = {27412208-8EF4-422E-8F76-D9B795B506EB}
	EndGlobalSection
EndGlobal
